// !$*UTF8*$!
{
	archiveVersion = 1;
	classes = {
	};
	objectVersion = 46;
	objects = {

/* Begin PBXBuildFile section */
		E929E6391C3F692800775A61 /* main.m in Sources */ = {isa = PBXBuildFile; fileRef = E929E6381C3F692800775A61 /* main.m */; };
		E929E63C1C3F692800775A61 /* AppDelegate.m in Sources */ = {isa = PBXBuildFile; fileRef = E929E63B1C3F692800775A61 /* AppDelegate.m */; };
		E929E63F1C3F692800775A61 /* ViewController.m in Sources */ = {isa = PBXBuildFile; fileRef = E929E63E1C3F692800775A61 /* ViewController.m */; };
		E929E6471C3F692800775A61 /* LaunchScreen.storyboard in Resources */ = {isa = PBXBuildFile; fileRef = E929E6451C3F692800775A61 /* LaunchScreen.storyboard */; };
		E929E6521C3F692900775A61 /* SelfiegramTests.m in Sources */ = {isa = PBXBuildFile; fileRef = E929E6511C3F692900775A61 /* SelfiegramTests.m */; };
		E929E65D1C3F692900775A61 /* SelfiegramUITests.m in Sources */ = {isa = PBXBuildFile; fileRef = E929E65C1C3F692900775A61 /* SelfiegramUITests.m */; };
		E929E66B1C3F6BBD00775A61 /* Main.storyboard in Resources */ = {isa = PBXBuildFile; fileRef = E929E66A1C3F6BBD00775A61 /* Main.storyboard */; };
		E929E66D1C3F6BCE00775A61 /* Assets.xcassets in Resources */ = {isa = PBXBuildFile; fileRef = E929E66C1C3F6BCE00775A61 /* Assets.xcassets */; };
/* End PBXBuildFile section */

/* Begin PBXContainerItemProxy section */
		E929E64E1C3F692900775A61 /* PBXContainerItemProxy */ = {
			isa = PBXContainerItemProxy;
			containerPortal = E929E62C1C3F692800775A61 /* Project object */;
			proxyType = 1;
			remoteGlobalIDString = E929E6331C3F692800775A61;
			remoteInfo = Selfiegram;
		};
		E929E6591C3F692900775A61 /* PBXContainerItemProxy */ = {
			isa = PBXContainerItemProxy;
			containerPortal = E929E62C1C3F692800775A61 /* Project object */;
			proxyType = 1;
			remoteGlobalIDString = E929E6331C3F692800775A61;
			remoteInfo = Selfiegram;
		};
/* End PBXContainerItemProxy section */

/* Begin PBXFileReference section */
		E929E6341C3F692800775A61 /* Selfiegram.app */ = {isa = PBXFileReference; explicitFileType = wrapper.application; includeInIndex = 0; path = Selfiegram.app; sourceTree = BUILT_PRODUCTS_DIR; };
		E929E6381C3F692800775A61 /* main.m */ = {isa = PBXFileReference; lastKnownFileType = sourcecode.c.objc; path = main.m; sourceTree = "<group>"; };
		E929E63A1C3F692800775A61 /* AppDelegate.h */ = {isa = PBXFileReference; lastKnownFileType = sourcecode.c.h; path = AppDelegate.h; sourceTree = "<group>"; };
		E929E63B1C3F692800775A61 /* AppDelegate.m */ = {isa = PBXFileReference; lastKnownFileType = sourcecode.c.objc; path = AppDelegate.m; sourceTree = "<group>"; };
		E929E63D1C3F692800775A61 /* ViewController.h */ = {isa = PBXFileReference; lastKnownFileType = sourcecode.c.h; path = ViewController.h; sourceTree = "<group>"; };
		E929E63E1C3F692800775A61 /* ViewController.m */ = {isa = PBXFileReference; lastKnownFileType = sourcecode.c.objc; path = ViewController.m; sourceTree = "<group>"; };
		E929E6461C3F692800775A61 /* Base */ = {isa = PBXFileReference; lastKnownFileType = file.storyboard; name = Base; path = Base.lproj/LaunchScreen.storyboard; sourceTree = "<group>"; };
		E929E6481C3F692800775A61 /* Info.plist */ = {isa = PBXFileReference; lastKnownFileType = text.plist.xml; path = Info.plist; sourceTree = "<group>"; };
		E929E64D1C3F692900775A61 /* SelfiegramTests.xctest */ = {isa = PBXFileReference; explicitFileType = wrapper.cfbundle; includeInIndex = 0; path = SelfiegramTests.xctest; sourceTree = BUILT_PRODUCTS_DIR; };
		E929E6511C3F692900775A61 /* SelfiegramTests.m */ = {isa = PBXFileReference; lastKnownFileType = sourcecode.c.objc; path = SelfiegramTests.m; sourceTree = "<group>"; };
		E929E6531C3F692900775A61 /* Info.plist */ = {isa = PBXFileReference; lastKnownFileType = text.plist.xml; path = Info.plist; sourceTree = "<group>"; };
		E929E6581C3F692900775A61 /* SelfiegramUITests.xctest */ = {isa = PBXFileReference; explicitFileType = wrapper.cfbundle; includeInIndex = 0; path = SelfiegramUITests.xctest; sourceTree = BUILT_PRODUCTS_DIR; };
		E929E65C1C3F692900775A61 /* SelfiegramUITests.m */ = {isa = PBXFileReference; lastKnownFileType = sourcecode.c.objc; path = SelfiegramUITests.m; sourceTree = "<group>"; };
		E929E65E1C3F692900775A61 /* Info.plist */ = {isa = PBXFileReference; lastKnownFileType = text.plist.xml; path = Info.plist; sourceTree = "<group>"; };
		E929E66A1C3F6BBD00775A61 /* Main.storyboard */ = {isa = PBXFileReference; fileEncoding = 4; lastKnownFileType = file.storyboard; path = Main.storyboard; sourceTree = "<group>"; };
		E929E66C1C3F6BCE00775A61 /* Assets.xcassets */ = {isa = PBXFileReference; lastKnownFileType = folder.assetcatalog; path = Assets.xcassets; sourceTree = "<group>"; };
/* End PBXFileReference section */

/* Begin PBXFrameworksBuildPhase section */
		E929E6311C3F692800775A61 /* Frameworks */ = {
			isa = PBXFrameworksBuildPhase;
			buildActionMask = 2147483647;
			files = (
			);
			runOnlyForDeploymentPostprocessing = 0;
		};
		E929E64A1C3F692900775A61 /* Frameworks */ = {
			isa = PBXFrameworksBuildPhase;
			buildActionMask = 2147483647;
			files = (
			);
			runOnlyForDeploymentPostprocessing = 0;
		};
		E929E6551C3F692900775A61 /* Frameworks */ = {
			isa = PBXFrameworksBuildPhase;
			buildActionMask = 2147483647;
			files = (
			);
			runOnlyForDeploymentPostprocessing = 0;
		};
/* End PBXFrameworksBuildPhase section */

/* Begin PBXGroup section */
		E929E62B1C3F692800775A61 = {
			isa = PBXGroup;
			children = (
				E929E6361C3F692800775A61 /* Selfiegram */,
				E929E6501C3F692900775A61 /* SelfiegramTests */,
				E929E65B1C3F692900775A61 /* SelfiegramUITests */,
				E929E6351C3F692800775A61 /* Products */,
			);
			sourceTree = "<group>";
		};
		E929E6351C3F692800775A61 /* Products */ = {
			isa = PBXGroup;
			children = (
				E929E6341C3F692800775A61 /* Selfiegram.app */,
				E929E64D1C3F692900775A61 /* SelfiegramTests.xctest */,
				E929E6581C3F692900775A61 /* SelfiegramUITests.xctest */,
			);
			name = Products;
			sourceTree = "<group>";
		};
		E929E6361C3F692800775A61 /* Selfiegram */ = {
			isa = PBXGroup;
			children = (
				E929E63A1C3F692800775A61 /* AppDelegate.h */,
				E929E63B1C3F692800775A61 /* AppDelegate.m */,
				E929E63D1C3F692800775A61 /* ViewController.h */,
				E929E63E1C3F692800775A61 /* ViewController.m */,
				E929E66A1C3F6BBD00775A61 /* Main.storyboard */,
				E929E66C1C3F6BCE00775A61 /* Assets.xcassets */,
				E929E6451C3F692800775A61 /* LaunchScreen.storyboard */,
				E929E6481C3F692800775A61 /* Info.plist */,
				E929E6371C3F692800775A61 /* Supporting Files */,
			);
			path = Selfiegram;
			sourceTree = "<group>";
		};
		E929E6371C3F692800775A61 /* Supporting Files */ = {
			isa = PBXGroup;
			children = (
				E929E6381C3F692800775A61 /* main.m */,
			);
			name = "Supporting Files";
			sourceTree = "<group>";
		};
		E929E6501C3F692900775A61 /* SelfiegramTests */ = {
			isa = PBXGroup;
			children = (
				E929E6511C3F692900775A61 /* SelfiegramTests.m */,
				E929E6531C3F692900775A61 /* Info.plist */,
			);
			path = SelfiegramTests;
			sourceTree = "<group>";
		};
		E929E65B1C3F692900775A61 /* SelfiegramUITests */ = {
			isa = PBXGroup;
			children = (
				E929E65C1C3F692900775A61 /* SelfiegramUITests.m */,
				E929E65E1C3F692900775A61 /* Info.plist */,
			);
			path = SelfiegramUITests;
			sourceTree = "<group>";
		};
/* End PBXGroup section */

/* Begin PBXNativeTarget section */
		E929E6331C3F692800775A61 /* Selfiegram */ = {
			isa = PBXNativeTarget;
			buildConfigurationList = E929E6611C3F692900775A61 /* Build configuration list for PBXNativeTarget "Selfiegram" */;
			buildPhases = (
				E929E6301C3F692800775A61 /* Sources */,
				E929E6311C3F692800775A61 /* Frameworks */,
				E929E6321C3F692800775A61 /* Resources */,
			);
			buildRules = (
			);
			dependencies = (
			);
			name = Selfiegram;
			productName = Selfiegram;
			productReference = E929E6341C3F692800775A61 /* Selfiegram.app */;
			productType = "com.apple.product-type.application";
		};
		E929E64C1C3F692900775A61 /* SelfiegramTests */ = {
			isa = PBXNativeTarget;
			buildConfigurationList = E929E6641C3F692900775A61 /* Build configuration list for PBXNativeTarget "SelfiegramTests" */;
			buildPhases = (
				E929E6491C3F692900775A61 /* Sources */,
				E929E64A1C3F692900775A61 /* Frameworks */,
				E929E64B1C3F692900775A61 /* Resources */,
			);
			buildRules = (
			);
			dependencies = (
				E929E64F1C3F692900775A61 /* PBXTargetDependency */,
			);
			name = SelfiegramTests;
			productName = SelfiegramTests;
			productReference = E929E64D1C3F692900775A61 /* SelfiegramTests.xctest */;
			productType = "com.apple.product-type.bundle.unit-test";
		};
		E929E6571C3F692900775A61 /* SelfiegramUITests */ = {
			isa = PBXNativeTarget;
			buildConfigurationList = E929E6671C3F692900775A61 /* Build configuration list for PBXNativeTarget "SelfiegramUITests" */;
			buildPhases = (
				E929E6541C3F692900775A61 /* Sources */,
				E929E6551C3F692900775A61 /* Frameworks */,
				E929E6561C3F692900775A61 /* Resources */,
			);
			buildRules = (
			);
			dependencies = (
				E929E65A1C3F692900775A61 /* PBXTargetDependency */,
			);
			name = SelfiegramUITests;
			productName = SelfiegramUITests;
			productReference = E929E6581C3F692900775A61 /* SelfiegramUITests.xctest */;
			productType = "com.apple.product-type.bundle.ui-testing";
		};
/* End PBXNativeTarget section */

/* Begin PBXProject section */
		E929E62C1C3F692800775A61 /* Project object */ = {
			isa = PBXProject;
			attributes = {
				LastUpgradeCheck = 0720;
				ORGANIZATIONNAME = "Wanda Yip";
				TargetAttributes = {
					E929E6331C3F692800775A61 = {
						CreatedOnToolsVersion = 7.2;
						DevelopmentTeam = 7JX8NSV56Z;
					};
					E929E64C1C3F692900775A61 = {
						CreatedOnToolsVersion = 7.2;
						DevelopmentTeam = 7JX8NSV56Z;
						TestTargetID = E929E6331C3F692800775A61;
					};
					E929E6571C3F692900775A61 = {
						CreatedOnToolsVersion = 7.2;
						DevelopmentTeam = 7JX8NSV56Z;
						TestTargetID = E929E6331C3F692800775A61;
					};
				};
			};
			buildConfigurationList = E929E62F1C3F692800775A61 /* Build configuration list for PBXProject "Selfiegram" */;
			compatibilityVersion = "Xcode 3.2";
			developmentRegion = English;
			hasScannedForEncodings = 0;
			knownRegions = (
				en,
				Base,
			);
			mainGroup = E929E62B1C3F692800775A61;
			productRefGroup = E929E6351C3F692800775A61 /* Products */;
			projectDirPath = "";
			projectRoot = "";
			targets = (
				E929E6331C3F692800775A61 /* Selfiegram */,
				E929E64C1C3F692900775A61 /* SelfiegramTests */,
				E929E6571C3F692900775A61 /* SelfiegramUITests */,
			);
		};
/* End PBXProject section */

/* Begin PBXResourcesBuildPhase section */
		E929E6321C3F692800775A61 /* Resources */ = {
			isa = PBXResourcesBuildPhase;
			buildActionMask = 2147483647;
			files = (
				E929E66B1C3F6BBD00775A61 /* Main.storyboard in Resources */,
				E929E66D1C3F6BCE00775A61 /* Assets.xcassets in Resources */,
				E929E6471C3F692800775A61 /* LaunchScreen.storyboard in Resources */,
			);
			runOnlyForDeploymentPostprocessing = 0;
		};
		E929E64B1C3F692900775A61 /* Resources */ = {
			isa = PBXResourcesBuildPhase;
			buildActionMask = 2147483647;
			files = (
			);
			runOnlyForDeploymentPostprocessing = 0;
		};
		E929E6561C3F692900775A61 /* Resources */ = {
			isa = PBXResourcesBuildPhase;
			buildActionMask = 2147483647;
			files = (
			);
			runOnlyForDeploymentPostprocessing = 0;
		};
/* End PBXResourcesBuildPhase section */

/* Begin PBXSourcesBuildPhase section */
		E929E6301C3F692800775A61 /* Sources */ = {
			isa = PBXSourcesBuildPhase;
			buildActionMask = 2147483647;
			files = (
				E929E63F1C3F692800775A61 /* ViewController.m in Sources */,
				E929E63C1C3F692800775A61 /* AppDelegate.m in Sources */,
				E929E6391C3F692800775A61 /* main.m in Sources */,
			);
			runOnlyForDeploymentPostprocessing = 0;
		};
		E929E6491C3F692900775A61 /* Sources */ = {
			isa = PBXSourcesBuildPhase;
			buildActionMask = 2147483647;
			files = (
				E929E6521C3F692900775A61 /* SelfiegramTests.m in Sources */,
			);
			runOnlyForDeploymentPostprocessing = 0;
		};
		E929E6541C3F692900775A61 /* Sources */ = {
			isa = PBXSourcesBuildPhase;
			buildActionMask = 2147483647;
			files = (
				E929E65D1C3F692900775A61 /* SelfiegramUITests.m in Sources */,
			);
			runOnlyForDeploymentPostprocessing = 0;
		};
/* End PBXSourcesBuildPhase section */

/* Begin PBXTargetDependency section */
		E929E64F1C3F692900775A61 /* PBXTargetDependency */ = {
			isa = PBXTargetDependency;
			target = E929E6331C3F692800775A61 /* Selfiegram */;
			targetProxy = E929E64E1C3F692900775A61 /* PBXContainerItemProxy */;
		};
		E929E65A1C3F692900775A61 /* PBXTargetDependency */ = {
			isa = PBXTargetDependency;
			target = E929E6331C3F692800775A61 /* Selfiegram */;
			targetProxy = E929E6591C3F692900775A61 /* PBXContainerItemProxy */;
		};
/* End PBXTargetDependency section */

/* Begin PBXVariantGroup section */
		E929E6451C3F692800775A61 /* LaunchScreen.storyboard */ = {
			isa = PBXVariantGroup;
			children = (
				E929E6461C3F692800775A61 /* Base */,
			);
			name = LaunchScreen.storyboard;
			sourceTree = "<group>";
		};
/* End PBXVariantGroup section */

/* Begin XCBuildConfiguration section */
		E929E65F1C3F692900775A61 /* Debug */ = {
			isa = XCBuildConfiguration;
			buildSettings = {
				ALWAYS_SEARCH_USER_PATHS = NO;
				CLANG_CXX_LANGUAGE_STANDARD = "gnu++0x";
				CLANG_CXX_LIBRARY = "libc++";
				CLANG_ENABLE_MODULES = YES;
				CLANG_ENABLE_OBJC_ARC = YES;
				CLANG_WARN_BOOL_CONVERSION = YES;
				CLANG_WARN_CONSTANT_CONVERSION = YES;
				CLANG_WARN_DIRECT_OBJC_ISA_USAGE = YES_ERROR;
				CLANG_WARN_EMPTY_BODY = YES;
				CLANG_WARN_ENUM_CONVERSION = YES;
				CLANG_WARN_INT_CONVERSION = YES;
				CLANG_WARN_OBJC_ROOT_CLASS = YES_ERROR;
				CLANG_WARN_UNREACHABLE_CODE = YES;
				CLANG_WARN__DUPLICATE_METHOD_MATCH = YES;
				"CODE_SIGN_IDENTITY[sdk=iphoneos*]" = "iPhone Developer";
				COPY_PHASE_STRIP = NO;
				DEBUG_INFORMATION_FORMAT = dwarf;
				ENABLE_STRICT_OBJC_MSGSEND = YES;
				ENABLE_TESTABILITY = YES;
				GCC_C_LANGUAGE_STANDARD = gnu99;
				GCC_DYNAMIC_NO_PIC = NO;
				GCC_NO_COMMON_BLOCKS = YES;
				GCC_OPTIMIZATION_LEVEL = 0;
				GCC_PREPROCESSOR_DEFINITIONS = (
					"DEBUG=1",
					"$(inherited)",
				);
				GCC_WARN_64_TO_32_BIT_CONVERSION = YES;
				GCC_WARN_ABOUT_RETURN_TYPE = YES_ERROR;
				GCC_WARN_UNDECLARED_SELECTOR = YES;
				GCC_WARN_UNINITIALIZED_AUTOS = YES_AGGRESSIVE;
				GCC_WARN_UNUSED_FUNCTION = YES;
				GCC_WARN_UNUSED_VARIABLE = YES;
				IPHONEOS_DEPLOYMENT_TARGET = 9.2;
				MTL_ENABLE_DEBUG_INFO = YES;
				ONLY_ACTIVE_ARCH = YES;
				SDKROOT = iphoneos;
				TARGETED_DEVICE_FAMILY = "1,2";
			};
			name = Debug;
		};
		E929E6601C3F692900775A61 /* Release */ = {
			isa = XCBuildConfiguration;
			buildSettings = {
				ALWAYS_SEARCH_USER_PATHS = NO;
				CLANG_CXX_LANGUAGE_STANDARD = "gnu++0x";
				CLANG_CXX_LIBRARY = "libc++";
				CLANG_ENABLE_MODULES = YES;
				CLANG_ENABLE_OBJC_ARC = YES;
				CLANG_WARN_BOOL_CONVERSION = YES;
				CLANG_WARN_CONSTANT_CONVERSION = YES;
				CLANG_WARN_DIRECT_OBJC_ISA_USAGE = YES_ERROR;
				CLANG_WARN_EMPTY_BODY = YES;
				CLANG_WARN_ENUM_CONVERSION = YES;
				CLANG_WARN_INT_CONVERSION = YES;
				CLANG_WARN_OBJC_ROOT_CLASS = YES_ERROR;
				CLANG_WARN_UNREACHABLE_CODE = YES;
				CLANG_WARN__DUPLICATE_METHOD_MATCH = YES;
				"CODE_SIGN_IDENTITY[sdk=iphoneos*]" = "iPhone Developer";
				COPY_PHASE_STRIP = NO;
				DEBUG_INFORMATION_FORMAT = "dwarf-with-dsym";
				ENABLE_NS_ASSERTIONS = NO;
				ENABLE_STRICT_OBJC_MSGSEND = YES;
				GCC_C_LANGUAGE_STANDARD = gnu99;
				GCC_NO_COMMON_BLOCKS = YES;
				GCC_WARN_64_TO_32_BIT_CONVERSION = YES;
				GCC_WARN_ABOUT_RETURN_TYPE = YES_ERROR;
				GCC_WARN_UNDECLARED_SELECTOR = YES;
				GCC_WARN_UNINITIALIZED_AUTOS = YES_AGGRESSIVE;
				GCC_WARN_UNUSED_FUNCTION = YES;
				GCC_WARN_UNUSED_VARIABLE = YES;
				IPHONEOS_DEPLOYMENT_TARGET = 9.2;
				MTL_ENABLE_DEBUG_INFO = NO;
				SDKROOT = iphoneos;
				TARGETED_DEVICE_FAMILY = "1,2";
				VALIDATE_PRODUCT = YES;
			};
			name = Release;
		};
		E929E6621C3F692900775A61 /* Debug */ = {
			isa = XCBuildConfiguration;
			buildSettings = {
				ASSETCATALOG_COMPILER_APPICON_NAME = AppIcon;
				INFOPLIST_FILE = Selfiegram/Info.plist;
				LD_RUNPATH_SEARCH_PATHS = "$(inherited) @executable_path/Frameworks";
				PRODUCT_BUNDLE_IDENTIFIER = Wanda.Selfiegram;
				PRODUCT_NAME = "$(TARGET_NAME)";
			};
			name = Debug;
		};
		E929E6631C3F692900775A61 /* Release */ = {
			isa = XCBuildConfiguration;
			buildSettings = {
				ASSETCATALOG_COMPILER_APPICON_NAME = AppIcon;
				INFOPLIST_FILE = Selfiegram/Info.plist;
				LD_RUNPATH_SEARCH_PATHS = "$(inherited) @executable_path/Frameworks";
				PRODUCT_BUNDLE_IDENTIFIER = Wanda.Selfiegram;
				PRODUCT_NAME = "$(TARGET_NAME)";
			};
			name = Release;
		};
		E929E6651C3F692900775A61 /* Debug */ = {
			isa = XCBuildConfiguration;
			buildSettings = {
				BUNDLE_LOADER = "$(TEST_HOST)";
				INFOPLIST_FILE = SelfiegramTests/Info.plist;
				LD_RUNPATH_SEARCH_PATHS = "$(inherited) @executable_path/Frameworks @loader_path/Frameworks";
				PRODUCT_BUNDLE_IDENTIFIER = Wanda.SelfiegramTests;
				PRODUCT_NAME = "$(TARGET_NAME)";
				TEST_HOST = "$(BUILT_PRODUCTS_DIR)/Selfiegram.app/Selfiegram";
			};
			name = Debug;
		};
		E929E6661C3F692900775A61 /* Release */ = {
			isa = XCBuildConfiguration;
			buildSettings = {
				BUNDLE_LOADER = "$(TEST_HOST)";
				INFOPLIST_FILE = SelfiegramTests/Info.plist;
				LD_RUNPATH_SEARCH_PATHS = "$(inherited) @executable_path/Frameworks @loader_path/Frameworks";
				PRODUCT_BUNDLE_IDENTIFIER = Wanda.SelfiegramTests;
				PRODUCT_NAME = "$(TARGET_NAME)";
				TEST_HOST = "$(BUILT_PRODUCTS_DIR)/Selfiegram.app/Selfiegram";
			};
			name = Release;
		};
		E929E6681C3F692900775A61 /* Debug */ = {
			isa = XCBuildConfiguration;
			buildSettings = {
				INFOPLIST_FILE = SelfiegramUITests/Info.plist;
				LD_RUNPATH_SEARCH_PATHS = "$(inherited) @executable_path/Frameworks @loader_path/Frameworks";
				PRODUCT_BUNDLE_IDENTIFIER = Wanda.SelfiegramUITests;
				PRODUCT_NAME = "$(TARGET_NAME)";
				TEST_TARGET_NAME = Selfiegram;
				USES_XCTRUNNER = YES;
			};
			name = Debug;
		};
		E929E6691C3F692900775A61 /* Release */ = {
			isa = XCBuildConfiguration;
			buildSettings = {
				INFOPLIST_FILE = SelfiegramUITests/Info.plist;
				LD_RUNPATH_SEARCH_PATHS = "$(inherited) @executable_path/Frameworks @loader_path/Frameworks";
				PRODUCT_BUNDLE_IDENTIFIER = Wanda.SelfiegramUITests;
				PRODUCT_NAME = "$(TARGET_NAME)";
				TEST_TARGET_NAME = Selfiegram;
				USES_XCTRUNNER = YES;
			};
			name = Release;
		};
/* End XCBuildConfiguration section */

/* Begin XCConfigurationList section */
		E929E62F1C3F692800775A61 /* Build configuration list for PBXProject "Selfiegram" */ = {
			isa = XCConfigurationList;
			buildConfigurations = (
				E929E65F1C3F692900775A61 /* Debug */,
				E929E6601C3F692900775A61 /* Release */,
			);
			defaultConfigurationIsVisible = 0;
			defaultConfigurationName = Release;
		};
		E929E6611C3F692900775A61 /* Build configuration list for PBXNativeTarget "Selfiegram" */ = {
			isa = XCConfigurationList;
			buildConfigurations = (
				E929E6621C3F692900775A61 /* Debug */,
				E929E6631C3F692900775A61 /* Release */,
			);
			defaultConfigurationIsVisible = 0;
		};
		E929E6641C3F692900775A61 /* Build configuration list for PBXNativeTarget "SelfiegramTests" */ = {
			isa = XCConfigurationList;
			buildConfigurations = (
				E929E6651C3F692900775A61 /* Debug */,
				E929E6661C3F692900775A61 /* Release */,
			);
			defaultConfigurationIsVisible = 0;
		};
		E929E6671C3F692900775A61 /* Build configuration list for PBXNativeTarget "SelfiegramUITests" */ = {
			isa = XCConfigurationList;
			buildConfigurations = (
				E929E6681C3F692900775A61 /* Debug */,
				E929E6691C3F692900775A61 /* Release */,
			);
			defaultConfigurationIsVisible = 0;
		};
/* End XCConfigurationList section */
	};
	rootObject = E929E62C1C3F692800775A61 /* Project object */;
}
